
Microsoft Visual Studio Solution File, Format Version 12.00
# Visual Studio Version 17
VisualStudioVersion = 17.0.32112.339
MinimumVisualStudioVersion = 10.0.40219.1
Project("{2150E333-8FDC-42A3-9474-1A3956D46DE8}") = "Core", "Core", "{C9591AF7-C543-40CC-AAB0-20AF6AA42131}"
EndProject
Project("{2150E333-8FDC-42A3-9474-1A3956D46DE8}") = "Common", "Common", "{BD2E755F-603E-45C8-A0C5-8E1A9D57DFAA}"
EndProject
Project("{2150E333-8FDC-42A3-9474-1A3956D46DE8}") = "Presentation", "Presentation", "{B87FB4C2-0CF5-4ED0-B330-1050BCABFFF1}"
EndProject
Project("{2150E333-8FDC-42A3-9474-1A3956D46DE8}") = "Infrastructure", "Infrastructure", "{7AA85FA5-0DFD-40F2-9A88-9ED1DDEC35AE}"
EndProject
Project("{9A19103F-16F7-4668-BE54-9A1E7A4F7556}") = "Common", "Common\Common.csproj", "{BB87CD07-2922-4C4E-A219-01F187AE13D0}"
EndProject
Project("{9A19103F-16F7-4668-BE54-9A1E7A4F7556}") = "Application", "Application\Application.csproj", "{9D5CC5B0-A6AE-4B6C-955D-C0303DFDB988}"
EndProject
Project("{9A19103F-16F7-4668-BE54-9A1E7A4F7556}") = "Domain", "Domain\Domain.csproj", "{EBD21DE0-BC71-4A49-B551-8981EA178B96}"
EndProject
Project("{9A19103F-16F7-4668-BE54-9A1E7A4F7556}") = "DTO", "DTO\DTO.csproj", "{D359C4E9-1CAF-462A-B01A-573F02E9DCC0}"
EndProject
Project("{9A19103F-16F7-4668-BE54-9A1E7A4F7556}") = "Middlewares", "Middlewares\Middlewares.csproj", "{A89F64D9-3B44-4309-8178-3D3CA454CD57}"
EndProject
Project("{9A19103F-16F7-4668-BE54-9A1E7A4F7556}") = "ExternalAPI", "ExternalAPI\ExternalAPI.csproj", "{06BEE42B-4670-46DB-91D4-90489458DE16}"
EndProject
Project("{9A19103F-16F7-4668-BE54-9A1E7A4F7556}") = "Infrastructure", "Infrastructure\Infrastructure.csproj", "{AD758349-B8BB-4C4C-8F63-FD5338F83987}"
EndProject
Project("{9A19103F-16F7-4668-BE54-9A1E7A4F7556}") = "Presentation", "Presentation\Presentation.csproj", "{1C22E864-FD65-4540-B543-08BC0F1F2499}"
EndProject
Global
	GlobalSection(SolutionConfigurationPlatforms) = preSolution
		Debug|Any CPU = Debug|Any CPU
		Release|Any CPU = Release|Any CPU
	EndGlobalSection
	GlobalSection(ProjectConfigurationPlatforms) = postSolution
		{BB87CD07-2922-4C4E-A219-01F187AE13D0}.Debug|Any CPU.ActiveCfg = Debug|Any CPU
		{BB87CD07-2922-4C4E-A219-01F187AE13D0}.Debug|Any CPU.Build.0 = Debug|Any CPU
		{BB87CD07-2922-4C4E-A219-01F187AE13D0}.Release|Any CPU.ActiveCfg = Release|Any CPU
		{BB87CD07-2922-4C4E-A219-01F187AE13D0}.Release|Any CPU.Build.0 = Release|Any CPU
		{9D5CC5B0-A6AE-4B6C-955D-C0303DFDB988}.Debug|Any CPU.ActiveCfg = Debug|Any CPU
		{9D5CC5B0-A6AE-4B6C-955D-C0303DFDB988}.Debug|Any CPU.Build.0 = Debug|Any CPU
		{9D5CC5B0-A6AE-4B6C-955D-C0303DFDB988}.Release|Any CPU.ActiveCfg = Release|Any CPU
		{9D5CC5B0-A6AE-4B6C-955D-C0303DFDB988}.Release|Any CPU.Build.0 = Release|Any CPU
		{EBD21DE0-BC71-4A49-B551-8981EA178B96}.Debug|Any CPU.ActiveCfg = Debug|Any CPU
		{EBD21DE0-BC71-4A49-B551-8981EA178B96}.Debug|Any CPU.Build.0 = Debug|Any CPU
		{EBD21DE0-BC71-4A49-B551-8981EA178B96}.Release|Any CPU.ActiveCfg = Release|Any CPU
		{EBD21DE0-BC71-4A49-B551-8981EA178B96}.Release|Any CPU.Build.0 = Release|Any CPU
		{D359C4E9-1CAF-462A-B01A-573F02E9DCC0}.Debug|Any CPU.ActiveCfg = Debug|Any CPU
		{D359C4E9-1CAF-462A-B01A-573F02E9DCC0}.Debug|Any CPU.Build.0 = Debug|Any CPU
		{D359C4E9-1CAF-462A-B01A-573F02E9DCC0}.Release|Any CPU.ActiveCfg = Release|Any CPU
		{D359C4E9-1CAF-462A-B01A-573F02E9DCC0}.Release|Any CPU.Build.0 = Release|Any CPU
		{A89F64D9-3B44-4309-8178-3D3CA454CD57}.Debug|Any CPU.ActiveCfg = Debug|Any CPU
		{A89F64D9-3B44-4309-8178-3D3CA454CD57}.Debug|Any CPU.Build.0 = Debug|Any CPU
		{A89F64D9-3B44-4309-8178-3D3CA454CD57}.Release|Any CPU.ActiveCfg = Release|Any CPU
		{A89F64D9-3B44-4309-8178-3D3CA454CD57}.Release|Any CPU.Build.0 = Release|Any CPU
		{06BEE42B-4670-46DB-91D4-90489458DE16}.Debug|Any CPU.ActiveCfg = Debug|Any CPU
		{06BEE42B-4670-46DB-91D4-90489458DE16}.Debug|Any CPU.Build.0 = Debug|Any CPU
		{06BEE42B-4670-46DB-91D4-90489458DE16}.Release|Any CPU.ActiveCfg = Release|Any CPU
		{06BEE42B-4670-46DB-91D4-90489458DE16}.Release|Any CPU.Build.0 = Release|Any CPU
		{AD758349-B8BB-4C4C-8F63-FD5338F83987}.Debug|Any CPU.ActiveCfg = Debug|Any CPU
		{AD758349-B8BB-4C4C-8F63-FD5338F83987}.Debug|Any CPU.Build.0 = Debug|Any CPU
		{AD758349-B8BB-4C4C-8F63-FD5338F83987}.Release|Any CPU.ActiveCfg = Release|Any CPU
		{AD758349-B8BB-4C4C-8F63-FD5338F83987}.Release|Any CPU.Build.0 = Release|Any CPU
		{1C22E864-FD65-4540-B543-08BC0F1F2499}.Debug|Any CPU.ActiveCfg = Debug|Any CPU
		{1C22E864-FD65-4540-B543-08BC0F1F2499}.Debug|Any CPU.Build.0 = Debug|Any CPU
		{1C22E864-FD65-4540-B543-08BC0F1F2499}.Release|Any CPU.ActiveCfg = Release|Any CPU
		{1C22E864-FD65-4540-B543-08BC0F1F2499}.Release|Any CPU.Build.0 = Release|Any CPU
	EndGlobalSection
	GlobalSection(SolutionProperties) = preSolution
		HideSolutionNode = FALSE
	EndGlobalSection
	GlobalSection(NestedProjects) = preSolution
		{BB87CD07-2922-4C4E-A219-01F187AE13D0} = {BD2E755F-603E-45C8-A0C5-8E1A9D57DFAA}
		{9D5CC5B0-A6AE-4B6C-955D-C0303DFDB988} = {C9591AF7-C543-40CC-AAB0-20AF6AA42131}
		{EBD21DE0-BC71-4A49-B551-8981EA178B96} = {C9591AF7-C543-40CC-AAB0-20AF6AA42131}
		{D359C4E9-1CAF-462A-B01A-573F02E9DCC0} = {B87FB4C2-0CF5-4ED0-B330-1050BCABFFF1}
		{A89F64D9-3B44-4309-8178-3D3CA454CD57} = {B87FB4C2-0CF5-4ED0-B330-1050BCABFFF1}
		{06BEE42B-4670-46DB-91D4-90489458DE16} = {7AA85FA5-0DFD-40F2-9A88-9ED1DDEC35AE}
		{AD758349-B8BB-4C4C-8F63-FD5338F83987} = {7AA85FA5-0DFD-40F2-9A88-9ED1DDEC35AE}
		{1C22E864-FD65-4540-B543-08BC0F1F2499} = {B87FB4C2-0CF5-4ED0-B330-1050BCABFFF1}
	EndGlobalSection
	GlobalSection(ExtensibilityGlobals) = postSolution
		SolutionGuid = {6D907A58-0B72-4448-A0B6-4BEB34908254}
	EndGlobalSection
EndGlobal
